// !$*UTF8*$!
{
	archiveVersion = 1;
	classes = {
	};
	objectVersion = 46;
	objects = {

/* Begin PBXBuildFile section */
		B6D8AB1E1F00368400346F37 /* Itineraries+CoreDataClass.swift in Sources */ = {isa = PBXBuildFile; fileRef = B6D8AB1C1F00368400346F37 /* Itineraries+CoreDataClass.swift */; };
		B6D8AB1F1F00368400346F37 /* Itineraries+CoreDataProperties.swift in Sources */ = {isa = PBXBuildFile; fileRef = B6D8AB1D1F00368400346F37 /* Itineraries+CoreDataProperties.swift */; };
		B6DFF2C71EFFF8F3003A1C6B /* AppDelegate.swift in Sources */ = {isa = PBXBuildFile; fileRef = B6DFF2C61EFFF8F3003A1C6B /* AppDelegate.swift */; };
		B6DFF2C91EFFF8F3003A1C6B /* MainVC.swift in Sources */ = {isa = PBXBuildFile; fileRef = B6DFF2C81EFFF8F3003A1C6B /* MainVC.swift */; };
		B6DFF2CC1EFFF8F3003A1C6B /* Main.storyboard in Resources */ = {isa = PBXBuildFile; fileRef = B6DFF2CA1EFFF8F3003A1C6B /* Main.storyboard */; };
		B6DFF2CF1EFFF8F3003A1C6B /* ItinerariesCodeChallenge.xcdatamodeld in Sources */ = {isa = PBXBuildFile; fileRef = B6DFF2CD1EFFF8F3003A1C6B /* ItinerariesCodeChallenge.xcdatamodeld */; };
		B6DFF2D11EFFF8F3003A1C6B /* Assets.xcassets in Resources */ = {isa = PBXBuildFile; fileRef = B6DFF2D01EFFF8F3003A1C6B /* Assets.xcassets */; };
		B6DFF2D41EFFF8F3003A1C6B /* LaunchScreen.storyboard in Resources */ = {isa = PBXBuildFile; fileRef = B6DFF2D21EFFF8F3003A1C6B /* LaunchScreen.storyboard */; };
		B6DFF2E21EFFFD5C003A1C6B /* CellContent.swift in Sources */ = {isa = PBXBuildFile; fileRef = B6DFF2E11EFFFD5C003A1C6B /* CellContent.swift */; };
		B6E567F91F000ED7007CD52C /* DetailVC.swift in Sources */ = {isa = PBXBuildFile; fileRef = B6E567F81F000ED7007CD52C /* DetailVC.swift */; };
/* End PBXBuildFile section */

/* Begin PBXFileReference section */
		B6D8AB1C1F00368400346F37 /* Itineraries+CoreDataClass.swift */ = {isa = PBXFileReference; fileEncoding = 4; lastKnownFileType = sourcecode.swift; name = "Itineraries+CoreDataClass.swift"; path = "../Itineraries+CoreDataClass.swift"; sourceTree = "<group>"; };
		B6D8AB1D1F00368400346F37 /* Itineraries+CoreDataProperties.swift */ = {isa = PBXFileReference; fileEncoding = 4; lastKnownFileType = sourcecode.swift; name = "Itineraries+CoreDataProperties.swift"; path = "../Itineraries+CoreDataProperties.swift"; sourceTree = "<group>"; };
		B6DFF2C31EFFF8F3003A1C6B /* ItinerariesCodeChallenge.app */ = {isa = PBXFileReference; explicitFileType = wrapper.application; includeInIndex = 0; path = ItinerariesCodeChallenge.app; sourceTree = BUILT_PRODUCTS_DIR; };
		B6DFF2C61EFFF8F3003A1C6B /* AppDelegate.swift */ = {isa = PBXFileReference; lastKnownFileType = sourcecode.swift; path = AppDelegate.swift; sourceTree = "<group>"; };
		B6DFF2C81EFFF8F3003A1C6B /* MainVC.swift */ = {isa = PBXFileReference; lastKnownFileType = sourcecode.swift; path = MainVC.swift; sourceTree = "<group>"; };
		B6DFF2CB1EFFF8F3003A1C6B /* Base */ = {isa = PBXFileReference; lastKnownFileType = file.storyboard; name = Base; path = Base.lproj/Main.storyboard; sourceTree = "<group>"; };
		B6DFF2CE1EFFF8F3003A1C6B /* ItinerariesCodeChallenge.xcdatamodel */ = {isa = PBXFileReference; lastKnownFileType = wrapper.xcdatamodel; path = ItinerariesCodeChallenge.xcdatamodel; sourceTree = "<group>"; };
		B6DFF2D01EFFF8F3003A1C6B /* Assets.xcassets */ = {isa = PBXFileReference; lastKnownFileType = folder.assetcatalog; path = Assets.xcassets; sourceTree = "<group>"; };
		B6DFF2D31EFFF8F3003A1C6B /* Base */ = {isa = PBXFileReference; lastKnownFileType = file.storyboard; name = Base; path = Base.lproj/LaunchScreen.storyboard; sourceTree = "<group>"; };
		B6DFF2D51EFFF8F3003A1C6B /* Info.plist */ = {isa = PBXFileReference; lastKnownFileType = text.plist.xml; path = Info.plist; sourceTree = "<group>"; };
		B6DFF2E11EFFFD5C003A1C6B /* CellContent.swift */ = {isa = PBXFileReference; fileEncoding = 4; lastKnownFileType = sourcecode.swift; path = CellContent.swift; sourceTree = "<group>"; };
		B6E567F81F000ED7007CD52C /* DetailVC.swift */ = {isa = PBXFileReference; fileEncoding = 4; lastKnownFileType = sourcecode.swift; path = DetailVC.swift; sourceTree = "<group>"; };
/* End PBXFileReference section */

/* Begin PBXFrameworksBuildPhase section */
		B6DFF2C01EFFF8F3003A1C6B /* Frameworks */ = {
			isa = PBXFrameworksBuildPhase;
			buildActionMask = 2147483647;
			files = (
			);
			runOnlyForDeploymentPostprocessing = 0;
		};
/* End PBXFrameworksBuildPhase section */

/* Begin PBXGroup section */
		B6DFF2BA1EFFF8F3003A1C6B = {
			isa = PBXGroup;
			children = (
				B6DFF2C51EFFF8F3003A1C6B /* ItinerariesCodeChallenge */,
				B6DFF2C41EFFF8F3003A1C6B /* Products */,
			);
			sourceTree = "<group>";
		};
		B6DFF2C41EFFF8F3003A1C6B /* Products */ = {
			isa = PBXGroup;
			children = (
				B6DFF2C31EFFF8F3003A1C6B /* ItinerariesCodeChallenge.app */,
			);
			name = Products;
			sourceTree = "<group>";
		};
		B6DFF2C51EFFF8F3003A1C6B /* ItinerariesCodeChallenge */ = {
			isa = PBXGroup;
			children = (
				B6DFF2E01EFFF9E0003A1C6B /* Model */,
				B6DFF2DF1EFFF9D2003A1C6B /* Generated */,
				B6DFF2DE1EFFF9C9003A1C6B /* Controller */,
				B6DFF2DD1EFFF9BB003A1C6B /* View */,
				B6DFF2C61EFFF8F3003A1C6B /* AppDelegate.swift */,
				B6DFF2CA1EFFF8F3003A1C6B /* Main.storyboard */,
				B6DFF2D01EFFF8F3003A1C6B /* Assets.xcassets */,
				B6DFF2D21EFFF8F3003A1C6B /* LaunchScreen.storyboard */,
				B6DFF2D51EFFF8F3003A1C6B /* Info.plist */,
				B6DFF2CD1EFFF8F3003A1C6B /* ItinerariesCodeChallenge.xcdatamodeld */,
			);
			path = ItinerariesCodeChallenge;
			sourceTree = "<group>";
		};
		B6DFF2DD1EFFF9BB003A1C6B /* View */ = {
			isa = PBXGroup;
			children = (
				B6DFF2E11EFFFD5C003A1C6B /* CellContent.swift */,
			);
			name = View;
			sourceTree = "<group>";
		};
		B6DFF2DE1EFFF9C9003A1C6B /* Controller */ = {
			isa = PBXGroup;
			children = (
				B6DFF2C81EFFF8F3003A1C6B /* MainVC.swift */,
				B6E567F81F000ED7007CD52C /* DetailVC.swift */,
			);
			name = Controller;
			sourceTree = "<group>";
		};
		B6DFF2DF1EFFF9D2003A1C6B /* Generated */ = {
			isa = PBXGroup;
			children = (
				B6D8AB1D1F00368400346F37 /* Itineraries+CoreDataProperties.swift */,
			);
			name = Generated;
			sourceTree = "<group>";
		};
		B6DFF2E01EFFF9E0003A1C6B /* Model */ = {
			isa = PBXGroup;
			children = (
				B6D8AB1C1F00368400346F37 /* Itineraries+CoreDataClass.swift */,
			);
			name = Model;
			sourceTree = "<group>";
		};
/* End PBXGroup section */

/* Begin PBXNativeTarget section */
		B6DFF2C21EFFF8F3003A1C6B /* ItinerariesCodeChallenge */ = {
			isa = PBXNativeTarget;
			buildConfigurationList = B6DFF2D81EFFF8F3003A1C6B /* Build configuration list for PBXNativeTarget "ItinerariesCodeChallenge" */;
			buildPhases = (
				B6DFF2BF1EFFF8F3003A1C6B /* Sources */,
				B6DFF2C01EFFF8F3003A1C6B /* Frameworks */,
				B6DFF2C11EFFF8F3003A1C6B /* Resources */,
			);
			buildRules = (
			);
			dependencies = (
			);
			name = ItinerariesCodeChallenge;
			productName = ItinerariesCodeChallenge;
			productReference = B6DFF2C31EFFF8F3003A1C6B /* ItinerariesCodeChallenge.app */;
			productType = "com.apple.product-type.application";
		};
/* End PBXNativeTarget section */

/* Begin PBXProject section */
		B6DFF2BB1EFFF8F3003A1C6B /* Project object */ = {
			isa = PBXProject;
			attributes = {
				LastSwiftUpdateCheck = 0830;
				LastUpgradeCheck = 0830;
				ORGANIZATIONNAME = "Raphaël Reiter";
				TargetAttributes = {
					B6DFF2C21EFFF8F3003A1C6B = {
						CreatedOnToolsVersion = 8.3.3;
						DevelopmentTeam = Q843L8W7J6;
						ProvisioningStyle = Automatic;
					};
				};
			};
			buildConfigurationList = B6DFF2BE1EFFF8F3003A1C6B /* Build configuration list for PBXProject "ItinerariesCodeChallenge" */;
			compatibilityVersion = "Xcode 3.2";
			developmentRegion = English;
			hasScannedForEncodings = 0;
			knownRegions = (
				en,
				Base,
			);
			mainGroup = B6DFF2BA1EFFF8F3003A1C6B;
			productRefGroup = B6DFF2C41EFFF8F3003A1C6B /* Products */;
			projectDirPath = "";
			projectRoot = "";
			targets = (
				B6DFF2C21EFFF8F3003A1C6B /* ItinerariesCodeChallenge */,
			);
		};
/* End PBXProject section */

/* Begin PBXResourcesBuildPhase section */
		B6DFF2C11EFFF8F3003A1C6B /* Resources */ = {
			isa = PBXResourcesBuildPhase;
			buildActionMask = 2147483647;
			files = (
				B6DFF2D41EFFF8F3003A1C6B /* LaunchScreen.storyboard in Resources */,
				B6DFF2D11EFFF8F3003A1C6B /* Assets.xcassets in Resources */,
				B6DFF2CC1EFFF8F3003A1C6B /* Main.storyboard in Resources */,
			);
			runOnlyForDeploymentPostprocessing = 0;
		};
/* End PBXResourcesBuildPhase section */

/* Begin PBXSourcesBuildPhase section */
		B6DFF2BF1EFFF8F3003A1C6B /* Sources */ = {
			isa = PBXSourcesBuildPhase;
			buildActionMask = 2147483647;
			files = (
				B6E567F91F000ED7007CD52C /* DetailVC.swift in Sources */,
				B6D8AB1F1F00368400346F37 /* Itineraries+CoreDataProperties.swift in Sources */,
				B6DFF2C91EFFF8F3003A1C6B /* MainVC.swift in Sources */,
				B6DFF2C71EFFF8F3003A1C6B /* AppDelegate.swift in Sources */,
				B6D8AB1E1F00368400346F37 /* Itineraries+CoreDataClass.swift in Sources */,
				B6DFF2CF1EFFF8F3003A1C6B /* ItinerariesCodeChallenge.xcdatamodeld in Sources */,
				B6DFF2E21EFFFD5C003A1C6B /* CellContent.swift in Sources */,
			);
			runOnlyForDeploymentPostprocessing = 0;
		};
/* End PBXSourcesBuildPhase section */

/* Begin PBXVariantGroup section */
		B6DFF2CA1EFFF8F3003A1C6B /* Main.storyboard */ = {
			isa = PBXVariantGroup;
			children = (
				B6DFF2CB1EFFF8F3003A1C6B /* Base */,
			);
			name = Main.storyboard;
			sourceTree = "<group>";
		};
		B6DFF2D21EFFF8F3003A1C6B /* LaunchScreen.storyboard */ = {
			isa = PBXVariantGroup;
			children = (
				B6DFF2D31EFFF8F3003A1C6B /* Base */,
			);
			name = LaunchScreen.storyboard;
			sourceTree = "<group>";
		};
/* End PBXVariantGroup section */

/* Begin XCBuildConfiguration section */
		B6DFF2D61EFFF8F3003A1C6B /* Debug */ = {
			isa = XCBuildConfiguration;
			buildSettings = {
				ALWAYS_SEARCH_USER_PATHS = NO;
				CLANG_ANALYZER_NONNULL = YES;
				CLANG_ANALYZER_NUMBER_OBJECT_CONVERSION = YES_AGGRESSIVE;
				CLANG_CXX_LANGUAGE_STANDARD = "gnu++0x";
				CLANG_CXX_LIBRARY = "libc++";
				CLANG_ENABLE_MODULES = YES;
				CLANG_ENABLE_OBJC_ARC = YES;
				CLANG_WARN_BOOL_CONVERSION = YES;
				CLANG_WARN_CONSTANT_CONVERSION = YES;
				CLANG_WARN_DIRECT_OBJC_ISA_USAGE = YES_ERROR;
				CLANG_WARN_DOCUMENTATION_COMMENTS = YES;
				CLANG_WARN_EMPTY_BODY = YES;
				CLANG_WARN_ENUM_CONVERSION = YES;
				CLANG_WARN_INFINITE_RECURSION = YES;
				CLANG_WARN_INT_CONVERSION = YES;
				CLANG_WARN_OBJC_ROOT_CLASS = YES_ERROR;
				CLANG_WARN_SUSPICIOUS_MOVE = YES;
				CLANG_WARN_UNREACHABLE_CODE = YES;
				CLANG_WARN__DUPLICATE_METHOD_MATCH = YES;
				"CODE_SIGN_IDENTITY[sdk=iphoneos*]" = "iPhone Developer";
				COPY_PHASE_STRIP = NO;
				DEBUG_INFORMATION_FORMAT = dwarf;
				ENABLE_STRICT_OBJC_MSGSEND = YES;
				ENABLE_TESTABILITY = YES;
				GCC_C_LANGUAGE_STANDARD = gnu99;
				GCC_DYNAMIC_NO_PIC = NO;
				GCC_NO_COMMON_BLOCKS = YES;
				GCC_OPTIMIZATION_LEVEL = 0;
				GCC_PREPROCESSOR_DEFINITIONS = (
					"DEBUG=1",
					"$(inherited)",
				);
				GCC_WARN_64_TO_32_BIT_CONVERSION = YES;
				GCC_WARN_ABOUT_RETURN_TYPE = YES_ERROR;
				GCC_WARN_UNDECLARED_SELECTOR = YES;
				GCC_WARN_UNINITIALIZED_AUTOS = YES_AGGRESSIVE;
				GCC_WARN_UNUSED_FUNCTION = YES;
				GCC_WARN_UNUSED_VARIABLE = YES;
				IPHONEOS_DEPLOYMENT_TARGET = 10.3;
				MTL_ENABLE_DEBUG_INFO = YES;
				ONLY_ACTIVE_ARCH = YES;
				SDKROOT = iphoneos;
				SWIFT_ACTIVE_COMPILATION_CONDITIONS = DEBUG;
				SWIFT_OPTIMIZATION_LEVEL = "-Onone";
			};
			name = Debug;
		};
		B6DFF2D71EFFF8F3003A1C6B /* Release */ = {
			isa = XCBuildConfiguration;
			buildSettings = {
				ALWAYS_SEARCH_USER_PATHS = NO;
				CLANG_ANALYZER_NONNULL = YES;
				CLANG_ANALYZER_NUMBER_OBJECT_CONVERSION = YES_AGGRESSIVE;
				CLANG_CXX_LANGUAGE_STANDARD = "gnu++0x";
				CLANG_CXX_LIBRARY = "libc++";
				CLANG_ENABLE_MODULES = YES;
				CLANG_ENABLE_OBJC_ARC = YES;
				CLANG_WARN_BOOL_CONVERSION = YES;
				CLANG_WARN_CONSTANT_CONVERSION = YES;
				CLANG_WARN_DIRECT_OBJC_ISA_USAGE = YES_ERROR;
				CLANG_WARN_DOCUMENTATION_COMMENTS = YES;
				CLANG_WARN_EMPTY_BODY = YES;
				CLANG_WARN_ENUM_CONVERSION = YES;
				CLANG_WARN_INFINITE_RECURSION = YES;
				CLANG_WARN_INT_CONVERSION = YES;
				CLANG_WARN_OBJC_ROOT_CLASS = YES_ERROR;
				CLANG_WARN_SUSPICIOUS_MOVE = YES;
				CLANG_WARN_UNREACHABLE_CODE = YES;
				CLANG_WARN__DUPLICATE_METHOD_MATCH = YES;
				"CODE_SIGN_IDENTITY[sdk=iphoneos*]" = "iPhone Developer";
				COPY_PHASE_STRIP = NO;
				DEBUG_INFORMATION_FORMAT = "dwarf-with-dsym";
				ENABLE_NS_ASSERTIONS = NO;
				ENABLE_STRICT_OBJC_MSGSEND = YES;
				GCC_C_LANGUAGE_STANDARD = gnu99;
				GCC_NO_COMMON_BLOCKS = YES;
				GCC_WARN_64_TO_32_BIT_CONVERSION = YES;
				GCC_WARN_ABOUT_RETURN_TYPE = YES_ERROR;
				GCC_WARN_UNDECLARED_SELECTOR = YES;
				GCC_WARN_UNINITIALIZED_AUTOS = YES_AGGRESSIVE;
				GCC_WARN_UNUSED_FUNCTION = YES;
				GCC_WARN_UNUSED_VARIABLE = YES;
				IPHONEOS_DEPLOYMENT_TARGET = 10.3;
				MTL_ENABLE_DEBUG_INFO = NO;
				SDKROOT = iphoneos;
				SWIFT_OPTIMIZATION_LEVEL = "-Owholemodule";
				VALIDATE_PRODUCT = YES;
			};
			name = Release;
		};
		B6DFF2D91EFFF8F3003A1C6B /* Debug */ = {
			isa = XCBuildConfiguration;
			buildSettings = {
				ASSETCATALOG_COMPILER_APPICON_NAME = AppIcon;
				DEVELOPMENT_TEAM = Q843L8W7J6;
				INFOPLIST_FILE = ItinerariesCodeChallenge/Info.plist;
				IPHONEOS_DEPLOYMENT_TARGET = 10.3;
				LD_RUNPATH_SEARCH_PATHS = "$(inherited) @executable_path/Frameworks";
				PRODUCT_BUNDLE_IDENTIFIER = com.raphaelreiter.Itineraries.ItinerariesCodeChallenge;
				PRODUCT_NAME = "$(TARGET_NAME)";
				SWIFT_VERSION = 3.0;
			};
			name = Debug;
		};
		B6DFF2DA1EFFF8F3003A1C6B /* Release */ = {
			isa = XCBuildConfiguration;
			buildSettings = {
				ASSETCATALOG_COMPILER_APPICON_NAME = AppIcon;
				DEVELOPMENT_TEAM = Q843L8W7J6;
				INFOPLIST_FILE = ItinerariesCodeChallenge/Info.plist;
				IPHONEOS_DEPLOYMENT_TARGET = 10.3;
				LD_RUNPATH_SEARCH_PATHS = "$(inherited) @executable_path/Frameworks";
				PRODUCT_BUNDLE_IDENTIFIER = com.raphaelreiter.Itineraries.ItinerariesCodeChallenge;
				PRODUCT_NAME = "$(TARGET_NAME)";
				SWIFT_VERSION = 3.0;
			};
			name = Release;
		};
/* End XCBuildConfiguration section */

/* Begin XCConfigurationList section */
		B6DFF2BE1EFFF8F3003A1C6B /* Build configuration list for PBXProject "ItinerariesCodeChallenge" */ = {
			isa = XCConfigurationList;
			buildConfigurations = (
				B6DFF2D61EFFF8F3003A1C6B /* Debug */,
				B6DFF2D71EFFF8F3003A1C6B /* Release */,
			);
			defaultConfigurationIsVisible = 0;
			defaultConfigurationName = Release;
		};
		B6DFF2D81EFFF8F3003A1C6B /* Build configuration list for PBXNativeTarget "ItinerariesCodeChallenge" */ = {
			isa = XCConfigurationList;
			buildConfigurations = (
				B6DFF2D91EFFF8F3003A1C6B /* Debug */,
				B6DFF2DA1EFFF8F3003A1C6B /* Release */,
			);
			defaultConfigurationIsVisible = 0;
			defaultConfigurationName = Release;
		};
/* End XCConfigurationList section */

/* Begin XCVersionGroup section */
		B6DFF2CD1EFFF8F3003A1C6B /* ItinerariesCodeChallenge.xcdatamodeld */ = {
			isa = XCVersionGroup;
			children = (
				B6DFF2CE1EFFF8F3003A1C6B /* ItinerariesCodeChallenge.xcdatamodel */,
			);
			currentVersion = B6DFF2CE1EFFF8F3003A1C6B /* ItinerariesCodeChallenge.xcdatamodel */;
			path = ItinerariesCodeChallenge.xcdatamodeld;
			sourceTree = "<group>";
			versionGroupType = wrapper.xcdatamodel;
		};
/* End XCVersionGroup section */
	};
	rootObject = B6DFF2BB1EFFF8F3003A1C6B /* Project object */;
}
